
Microsoft Visual Studio Solution File, Format Version 12.00
# Visual Studio 15
VisualStudioVersion = 15.0.27703.2000
MinimumVisualStudioVersion = 10.0.40219.1
Project("{FAE04EC0-301F-11D3-BF4B-00C04F79EFBC}") = "Transliteration", "Transliteration\Transliteration.csproj", "{E9C2F10E-C02B-40A2-BFBB-7F3B01611E0A}"
EndProject
Project("{FAE04EC0-301F-11D3-BF4B-00C04F79EFBC}") = "Transliteration.DBModels", "Transliteration.DBModels\Transliteration.DBModels.csproj", "{F422C778-AB4D-4945-AE9A-06E1B868A64D}"
EndProject
Project("{FAE04EC0-301F-11D3-BF4B-00C04F79EFBC}") = "Transliteration.DBAdapter", "Transliteration.DBAdapter\Transliteration.DBAdapter.csproj", "{A07C0226-969D-4B57-A705-B4FD7C0EBF13}"
EndProject
Project("{FAE04EC0-301F-11D3-BF4B-00C04F79EFBC}") = "Transliteration.Managers", "Transliteration.Managers\Transliteration.Managers.csproj", "{88E83AEB-4A5A-46DA-A40C-623F18C83595}"
EndProject
Project("{FAE04EC0-301F-11D3-BF4B-00C04F79EFBC}") = "Transliteration.Tools", "Transliteration.Tools\Transliteration.Tools.csproj", "{D8046253-982C-4DC9-B6EB-5201DA6C5A69}"
EndProject
Project("{FAE04EC0-301F-11D3-BF4B-00C04F79EFBC}") = "Transliteration.ServiceInterface", "Transliteration.ServiceInterface\Transliteration.ServiceInterface.csproj", "{232B93F8-0B87-4651-B972-AEF21452C75E}"
EndProject
Project("{FAE04EC0-301F-11D3-BF4B-00C04F79EFBC}") = "Transliteration.TranslitService", "Transliteration.TranslitService\Transliteration.TranslitService.csproj", "{DA1524AC-0752-4C02-92F1-6052EA411FC6}"
EndProject
Global
	GlobalSection(SolutionConfigurationPlatforms) = preSolution
		Debug|Any CPU = Debug|Any CPU
		Release|Any CPU = Release|Any CPU
	EndGlobalSection
	GlobalSection(ProjectConfigurationPlatforms) = postSolution
		{E9C2F10E-C02B-40A2-BFBB-7F3B01611E0A}.Debug|Any CPU.ActiveCfg = Debug|Any CPU
		{E9C2F10E-C02B-40A2-BFBB-7F3B01611E0A}.Debug|Any CPU.Build.0 = Debug|Any CPU
		{E9C2F10E-C02B-40A2-BFBB-7F3B01611E0A}.Release|Any CPU.ActiveCfg = Release|Any CPU
		{E9C2F10E-C02B-40A2-BFBB-7F3B01611E0A}.Release|Any CPU.Build.0 = Release|Any CPU
		{F422C778-AB4D-4945-AE9A-06E1B868A64D}.Debug|Any CPU.ActiveCfg = Debug|Any CPU
		{F422C778-AB4D-4945-AE9A-06E1B868A64D}.Debug|Any CPU.Build.0 = Debug|Any CPU
		{F422C778-AB4D-4945-AE9A-06E1B868A64D}.Release|Any CPU.ActiveCfg = Release|Any CPU
		{F422C778-AB4D-4945-AE9A-06E1B868A64D}.Release|Any CPU.Build.0 = Release|Any CPU
		{A07C0226-969D-4B57-A705-B4FD7C0EBF13}.Debug|Any CPU.ActiveCfg = Debug|Any CPU
		{A07C0226-969D-4B57-A705-B4FD7C0EBF13}.Debug|Any CPU.Build.0 = Debug|Any CPU
		{A07C0226-969D-4B57-A705-B4FD7C0EBF13}.Release|Any CPU.ActiveCfg = Release|Any CPU
		{A07C0226-969D-4B57-A705-B4FD7C0EBF13}.Release|Any CPU.Build.0 = Release|Any CPU
		{88E83AEB-4A5A-46DA-A40C-623F18C83595}.Debug|Any CPU.ActiveCfg = Debug|Any CPU
		{88E83AEB-4A5A-46DA-A40C-623F18C83595}.Debug|Any CPU.Build.0 = Debug|Any CPU
		{88E83AEB-4A5A-46DA-A40C-623F18C83595}.Release|Any CPU.ActiveCfg = Release|Any CPU
		{88E83AEB-4A5A-46DA-A40C-623F18C83595}.Release|Any CPU.Build.0 = Release|Any CPU
		{D8046253-982C-4DC9-B6EB-5201DA6C5A69}.Debug|Any CPU.ActiveCfg = Debug|Any CPU
		{D8046253-982C-4DC9-B6EB-5201DA6C5A69}.Debug|Any CPU.Build.0 = Debug|Any CPU
		{D8046253-982C-4DC9-B6EB-5201DA6C5A69}.Release|Any CPU.ActiveCfg = Release|Any CPU
		{D8046253-982C-4DC9-B6EB-5201DA6C5A69}.Release|Any CPU.Build.0 = Release|Any CPU
		{232B93F8-0B87-4651-B972-AEF21452C75E}.Debug|Any CPU.ActiveCfg = Debug|Any CPU
		{232B93F8-0B87-4651-B972-AEF21452C75E}.Debug|Any CPU.Build.0 = Debug|Any CPU
		{232B93F8-0B87-4651-B972-AEF21452C75E}.Release|Any CPU.ActiveCfg = Release|Any CPU
		{232B93F8-0B87-4651-B972-AEF21452C75E}.Release|Any CPU.Build.0 = Release|Any CPU
		{DA1524AC-0752-4C02-92F1-6052EA411FC6}.Debug|Any CPU.ActiveCfg = Debug|Any CPU
		{DA1524AC-0752-4C02-92F1-6052EA411FC6}.Debug|Any CPU.Build.0 = Debug|Any CPU
		{DA1524AC-0752-4C02-92F1-6052EA411FC6}.Release|Any CPU.ActiveCfg = Release|Any CPU
		{DA1524AC-0752-4C02-92F1-6052EA411FC6}.Release|Any CPU.Build.0 = Release|Any CPU
	EndGlobalSection
	GlobalSection(SolutionProperties) = preSolution
		HideSolutionNode = FALSE
	EndGlobalSection
	GlobalSection(ExtensibilityGlobals) = postSolution
		SolutionGuid = {1C499777-1983-45A5-AF87-12BC5804C867}
	EndGlobalSection
EndGlobal
